// !$*UTF8*$!
{
	archiveVersion = 1;
	classes = {
	};
	objectVersion = 46;
	objects = {

/* Begin PBXBuildFile section */
		5B7F863F1B97C01900546B6F /* AppDelegate.swift in Sources */ = {isa = PBXBuildFile; fileRef = 5B7F863E1B97C01900546B6F /* AppDelegate.swift */; };
		5B7F86441B97C01900546B6F /* Main.storyboard in Resources */ = {isa = PBXBuildFile; fileRef = 5B7F86421B97C01900546B6F /* Main.storyboard */; };
		5B7F86461B97C01900546B6F /* Images.xcassets in Resources */ = {isa = PBXBuildFile; fileRef = 5B7F86451B97C01900546B6F /* Images.xcassets */; };
		5B7F86491B97C01900546B6F /* LaunchScreen.xib in Resources */ = {isa = PBXBuildFile; fileRef = 5B7F86471B97C01900546B6F /* LaunchScreen.xib */; };
		5B7F86551B97C01900546B6F /* GlitchyTableTests.swift in Sources */ = {isa = PBXBuildFile; fileRef = 5B7F86541B97C01900546B6F /* GlitchyTableTests.swift */; };
		5B7F865F1B97C04200546B6F /* GlitchyTableViewController.swift in Sources */ = {isa = PBXBuildFile; fileRef = 5B7F865E1B97C04200546B6F /* GlitchyTableViewController.swift */; };
/* End PBXBuildFile section */

/* Begin PBXContainerItemProxy section */
		5B7F864F1B97C01900546B6F /* PBXContainerItemProxy */ = {
			isa = PBXContainerItemProxy;
			containerPortal = 5B7F86311B97C01900546B6F /* Project object */;
			proxyType = 1;
			remoteGlobalIDString = 5B7F86381B97C01900546B6F;
			remoteInfo = GlitchyTable;
		};
/* End PBXContainerItemProxy section */

/* Begin PBXFileReference section */
		5B7F86391B97C01900546B6F /* GlitchyTable.app */ = {isa = PBXFileReference; explicitFileType = wrapper.application; includeInIndex = 0; path = GlitchyTable.app; sourceTree = BUILT_PRODUCTS_DIR; };
		5B7F863D1B97C01900546B6F /* Info.plist */ = {isa = PBXFileReference; lastKnownFileType = text.plist.xml; path = Info.plist; sourceTree = "<group>"; };
		5B7F863E1B97C01900546B6F /* AppDelegate.swift */ = {isa = PBXFileReference; lastKnownFileType = sourcecode.swift; path = AppDelegate.swift; sourceTree = "<group>"; };
		5B7F86431B97C01900546B6F /* Base */ = {isa = PBXFileReference; lastKnownFileType = file.storyboard; name = Base; path = Base.lproj/Main.storyboard; sourceTree = "<group>"; };
		5B7F86451B97C01900546B6F /* Images.xcassets */ = {isa = PBXFileReference; lastKnownFileType = folder.assetcatalog; path = Images.xcassets; sourceTree = "<group>"; };
		5B7F86481B97C01900546B6F /* Base */ = {isa = PBXFileReference; lastKnownFileType = file.xib; name = Base; path = Base.lproj/LaunchScreen.xib; sourceTree = "<group>"; };
		5B7F864E1B97C01900546B6F /* GlitchyTableTests.xctest */ = {isa = PBXFileReference; explicitFileType = wrapper.cfbundle; includeInIndex = 0; path = GlitchyTableTests.xctest; sourceTree = BUILT_PRODUCTS_DIR; };
		5B7F86531B97C01900546B6F /* Info.plist */ = {isa = PBXFileReference; lastKnownFileType = text.plist.xml; path = Info.plist; sourceTree = "<group>"; };
		5B7F86541B97C01900546B6F /* GlitchyTableTests.swift */ = {isa = PBXFileReference; lastKnownFileType = sourcecode.swift; path = GlitchyTableTests.swift; sourceTree = "<group>"; };
		5B7F865E1B97C04200546B6F /* GlitchyTableViewController.swift */ = {isa = PBXFileReference; fileEncoding = 4; lastKnownFileType = sourcecode.swift; path = GlitchyTableViewController.swift; sourceTree = "<group>"; };
/* End PBXFileReference section */

/* Begin PBXFrameworksBuildPhase section */
		5B7F86361B97C01900546B6F /* Frameworks */ = {
			isa = PBXFrameworksBuildPhase;
			buildActionMask = 2147483647;
			files = (
			);
			runOnlyForDeploymentPostprocessing = 0;
		};
		5B7F864B1B97C01900546B6F /* Frameworks */ = {
			isa = PBXFrameworksBuildPhase;
			buildActionMask = 2147483647;
			files = (
			);
			runOnlyForDeploymentPostprocessing = 0;
		};
/* End PBXFrameworksBuildPhase section */

/* Begin PBXGroup section */
		5B7F86301B97C01900546B6F = {
			isa = PBXGroup;
			children = (
				5B7F863B1B97C01900546B6F /* GlitchyTable */,
				5B7F86511B97C01900546B6F /* GlitchyTableTests */,
				5B7F863A1B97C01900546B6F /* Products */,
			);
			sourceTree = "<group>";
		};
		5B7F863A1B97C01900546B6F /* Products */ = {
			isa = PBXGroup;
			children = (
				5B7F86391B97C01900546B6F /* GlitchyTable.app */,
				5B7F864E1B97C01900546B6F /* GlitchyTableTests.xctest */,
			);
			name = Products;
			sourceTree = "<group>";
		};
		5B7F863B1B97C01900546B6F /* GlitchyTable */ = {
			isa = PBXGroup;
			children = (
				5B7F863E1B97C01900546B6F /* AppDelegate.swift */,
				5B7F865E1B97C04200546B6F /* GlitchyTableViewController.swift */,
				5B7F86421B97C01900546B6F /* Main.storyboard */,
				5B7F86451B97C01900546B6F /* Images.xcassets */,
				5B7F86471B97C01900546B6F /* LaunchScreen.xib */,
				5B7F863C1B97C01900546B6F /* Supporting Files */,
			);
			path = GlitchyTable;
			sourceTree = "<group>";
		};
		5B7F863C1B97C01900546B6F /* Supporting Files */ = {
			isa = PBXGroup;
			children = (
				5B7F863D1B97C01900546B6F /* Info.plist */,
			);
			name = "Supporting Files";
			sourceTree = "<group>";
		};
		5B7F86511B97C01900546B6F /* GlitchyTableTests */ = {
			isa = PBXGroup;
			children = (
				5B7F86541B97C01900546B6F /* GlitchyTableTests.swift */,
				5B7F86521B97C01900546B6F /* Supporting Files */,
			);
			path = GlitchyTableTests;
			sourceTree = "<group>";
		};
		5B7F86521B97C01900546B6F /* Supporting Files */ = {
			isa = PBXGroup;
			children = (
				5B7F86531B97C01900546B6F /* Info.plist */,
			);
			name = "Supporting Files";
			sourceTree = "<group>";
		};
/* End PBXGroup section */

/* Begin PBXNativeTarget section */
		5B7F86381B97C01900546B6F /* GlitchyTable */ = {
			isa = PBXNativeTarget;
			buildConfigurationList = 5B7F86581B97C01900546B6F /* Build configuration list for PBXNativeTarget "GlitchyTable" */;
			buildPhases = (
				5B7F86351B97C01900546B6F /* Sources */,
				5B7F86361B97C01900546B6F /* Frameworks */,
				5B7F86371B97C01900546B6F /* Resources */,
			);
			buildRules = (
			);
			dependencies = (
			);
			name = GlitchyTable;
			productName = GlitchyTable;
			productReference = 5B7F86391B97C01900546B6F /* GlitchyTable.app */;
			productType = "com.apple.product-type.application";
		};
		5B7F864D1B97C01900546B6F /* GlitchyTableTests */ = {
			isa = PBXNativeTarget;
			buildConfigurationList = 5B7F865B1B97C01900546B6F /* Build configuration list for PBXNativeTarget "GlitchyTableTests" */;
			buildPhases = (
				5B7F864A1B97C01900546B6F /* Sources */,
				5B7F864B1B97C01900546B6F /* Frameworks */,
				5B7F864C1B97C01900546B6F /* Resources */,
			);
			buildRules = (
			);
			dependencies = (
				5B7F86501B97C01900546B6F /* PBXTargetDependency */,
			);
			name = GlitchyTableTests;
			productName = GlitchyTableTests;
			productReference = 5B7F864E1B97C01900546B6F /* GlitchyTableTests.xctest */;
			productType = "com.apple.product-type.bundle.unit-test";
		};
/* End PBXNativeTarget section */

/* Begin PBXProject section */
		5B7F86311B97C01900546B6F /* Project object */ = {
			isa = PBXProject;
			attributes = {
				LastUpgradeCheck = 0640;
				ORGANIZATIONNAME = "Jason Pepas";
				TargetAttributes = {
					5B7F86381B97C01900546B6F = {
						CreatedOnToolsVersion = 6.4;
					};
					5B7F864D1B97C01900546B6F = {
						CreatedOnToolsVersion = 6.4;
						TestTargetID = 5B7F86381B97C01900546B6F;
					};
				};
			};
			buildConfigurationList = 5B7F86341B97C01900546B6F /* Build configuration list for PBXProject "GlitchyTable" */;
			compatibilityVersion = "Xcode 3.2";
			developmentRegion = English;
			hasScannedForEncodings = 0;
			knownRegions = (
				en,
				Base,
			);
			mainGroup = 5B7F86301B97C01900546B6F;
			productRefGroup = 5B7F863A1B97C01900546B6F /* Products */;
			projectDirPath = "";
			projectRoot = "";
			targets = (
				5B7F86381B97C01900546B6F /* GlitchyTable */,
				5B7F864D1B97C01900546B6F /* GlitchyTableTests */,
			);
		};
/* End PBXProject section */

/* Begin PBXResourcesBuildPhase section */
		5B7F86371B97C01900546B6F /* Resources */ = {
			isa = PBXResourcesBuildPhase;
			buildActionMask = 2147483647;
			files = (
				5B7F86441B97C01900546B6F /* Main.storyboard in Resources */,
				5B7F86491B97C01900546B6F /* LaunchScreen.xib in Resources */,
				5B7F86461B97C01900546B6F /* Images.xcassets in Resources */,
			);
			runOnlyForDeploymentPostprocessing = 0;
		};
		5B7F864C1B97C01900546B6F /* Resources */ = {
			isa = PBXResourcesBuildPhase;
			buildActionMask = 2147483647;
			files = (
			);
			runOnlyForDeploymentPostprocessing = 0;
		};
/* End PBXResourcesBuildPhase section */

/* Begin PBXSourcesBuildPhase section */
		5B7F86351B97C01900546B6F /* Sources */ = {
			isa = PBXSourcesBuildPhase;
			buildActionMask = 2147483647;
			files = (
				5B7F865F1B97C04200546B6F /* GlitchyTableViewController.swift in Sources */,
				5B7F863F1B97C01900546B6F /* AppDelegate.swift in Sources */,
			);
			runOnlyForDeploymentPostprocessing = 0;
		};
		5B7F864A1B97C01900546B6F /* Sources */ = {
			isa = PBXSourcesBuildPhase;
			buildActionMask = 2147483647;
			files = (
				5B7F86551B97C01900546B6F /* GlitchyTableTests.swift in Sources */,
			);
			runOnlyForDeploymentPostprocessing = 0;
		};
/* End PBXSourcesBuildPhase section */

/* Begin PBXTargetDependency section */
		5B7F86501B97C01900546B6F /* PBXTargetDependency */ = {
			isa = PBXTargetDependency;
			target = 5B7F86381B97C01900546B6F /* GlitchyTable */;
			targetProxy = 5B7F864F1B97C01900546B6F /* PBXContainerItemProxy */;
		};
/* End PBXTargetDependency section */

/* Begin PBXVariantGroup section */
		5B7F86421B97C01900546B6F /* Main.storyboard */ = {
			isa = PBXVariantGroup;
			children = (
				5B7F86431B97C01900546B6F /* Base */,
			);
			name = Main.storyboard;
			sourceTree = "<group>";
		};
		5B7F86471B97C01900546B6F /* LaunchScreen.xib */ = {
			isa = PBXVariantGroup;
			children = (
				5B7F86481B97C01900546B6F /* Base */,
			);
			name = LaunchScreen.xib;
			sourceTree = "<group>";
		};
/* End PBXVariantGroup section */

/* Begin XCBuildConfiguration section */
		5B7F86561B97C01900546B6F /* Debug */ = {
			isa = XCBuildConfiguration;
			buildSettings = {
				ALWAYS_SEARCH_USER_PATHS = NO;
				CLANG_CXX_LANGUAGE_STANDARD = "gnu++0x";
				CLANG_CXX_LIBRARY = "libc++";
				CLANG_ENABLE_MODULES = YES;
				CLANG_ENABLE_OBJC_ARC = YES;
				CLANG_WARN_BOOL_CONVERSION = YES;
				CLANG_WARN_CONSTANT_CONVERSION = YES;
				CLANG_WARN_DIRECT_OBJC_ISA_USAGE = YES_ERROR;
				CLANG_WARN_EMPTY_BODY = YES;
				CLANG_WARN_ENUM_CONVERSION = YES;
				CLANG_WARN_INT_CONVERSION = YES;
				CLANG_WARN_OBJC_ROOT_CLASS = YES_ERROR;
				CLANG_WARN_UNREACHABLE_CODE = YES;
				CLANG_WARN__DUPLICATE_METHOD_MATCH = YES;
				"CODE_SIGN_IDENTITY[sdk=iphoneos*]" = "iPhone Developer";
				COPY_PHASE_STRIP = NO;
				DEBUG_INFORMATION_FORMAT = "dwarf-with-dsym";
				ENABLE_STRICT_OBJC_MSGSEND = YES;
				GCC_C_LANGUAGE_STANDARD = gnu99;
				GCC_DYNAMIC_NO_PIC = NO;
				GCC_NO_COMMON_BLOCKS = YES;
				GCC_OPTIMIZATION_LEVEL = 0;
				GCC_PREPROCESSOR_DEFINITIONS = (
					"DEBUG=1",
					"$(inherited)",
				);
				GCC_SYMBOLS_PRIVATE_EXTERN = NO;
				GCC_WARN_64_TO_32_BIT_CONVERSION = YES;
				GCC_WARN_ABOUT_RETURN_TYPE = YES_ERROR;
				GCC_WARN_UNDECLARED_SELECTOR = YES;
				GCC_WARN_UNINITIALIZED_AUTOS = YES_AGGRESSIVE;
				GCC_WARN_UNUSED_FUNCTION = YES;
				GCC_WARN_UNUSED_VARIABLE = YES;
				IPHONEOS_DEPLOYMENT_TARGET = 8.4;
				MTL_ENABLE_DEBUG_INFO = YES;
				ONLY_ACTIVE_ARCH = YES;
				SDKROOT = iphoneos;
				SWIFT_OPTIMIZATION_LEVEL = "-Onone";
				TARGETED_DEVICE_FAMILY = "1,2";
			};
			name = Debug;
		};
		5B7F86571B97C01900546B6F /* Release */ = {
			isa = XCBuildConfiguration;
			buildSettings = {
				ALWAYS_SEARCH_USER_PATHS = NO;
				CLANG_CXX_LANGUAGE_STANDARD = "gnu++0x";
				CLANG_CXX_LIBRARY = "libc++";
				CLANG_ENABLE_MODULES = YES;
				CLANG_ENABLE_OBJC_ARC = YES;
				CLANG_WARN_BOOL_CONVERSION = YES;
				CLANG_WARN_CONSTANT_CONVERSION = YES;
				CLANG_WARN_DIRECT_OBJC_ISA_USAGE = YES_ERROR;
				CLANG_WARN_EMPTY_BODY = YES;
				CLANG_WARN_ENUM_CONVERSION = YES;
				CLANG_WARN_INT_CONVERSION = YES;
				CLANG_WARN_OBJC_ROOT_CLASS = YES_ERROR;
				CLANG_WARN_UNREACHABLE_CODE = YES;
				CLANG_WARN__DUPLICATE_METHOD_MATCH = YES;
				"CODE_SIGN_IDENTITY[sdk=iphoneos*]" = "iPhone Developer";
				COPY_PHASE_STRIP = NO;
				DEBUG_INFORMATION_FORMAT = "dwarf-with-dsym";
				ENABLE_NS_ASSERTIONS = NO;
				ENABLE_STRICT_OBJC_MSGSEND = YES;
				GCC_C_LANGUAGE_STANDARD = gnu99;
				GCC_NO_COMMON_BLOCKS = YES;
				GCC_WARN_64_TO_32_BIT_CONVERSION = YES;
				GCC_WARN_ABOUT_RETURN_TYPE = YES_ERROR;
				GCC_WARN_UNDECLARED_SELECTOR = YES;
				GCC_WARN_UNINITIALIZED_AUTOS = YES_AGGRESSIVE;
				GCC_WARN_UNUSED_FUNCTION = YES;
				GCC_WARN_UNUSED_VARIABLE = YES;
				IPHONEOS_DEPLOYMENT_TARGET = 8.4;
				MTL_ENABLE_DEBUG_INFO = NO;
				SDKROOT = iphoneos;
				TARGETED_DEVICE_FAMILY = "1,2";
				VALIDATE_PRODUCT = YES;
			};
			name = Release;
		};
		5B7F86591B97C01900546B6F /* Debug */ = {
			isa = XCBuildConfiguration;
			buildSettings = {
				ASSETCATALOG_COMPILER_APPICON_NAME = AppIcon;
				INFOPLIST_FILE = GlitchyTable/Info.plist;
				LD_RUNPATH_SEARCH_PATHS = "$(inherited) @executable_path/Frameworks";
				PRODUCT_NAME = "$(TARGET_NAME)";
			};
			name = Debug;
		};
		5B7F865A1B97C01900546B6F /* Release */ = {
			isa = XCBuildConfiguration;
			buildSettings = {
				ASSETCATALOG_COMPILER_APPICON_NAME = AppIcon;
				INFOPLIST_FILE = GlitchyTable/Info.plist;
				LD_RUNPATH_SEARCH_PATHS = "$(inherited) @executable_path/Frameworks";
				PRODUCT_NAME = "$(TARGET_NAME)";
			};
			name = Release;
		};
		5B7F865C1B97C01900546B6F /* Debug */ = {
			isa = XCBuildConfiguration;
			buildSettings = {
				BUNDLE_LOADER = "$(TEST_HOST)";
				FRAMEWORK_SEARCH_PATHS = (
					"$(SDKROOT)/Developer/Library/Frameworks",
					"$(inherited)",
				);
				GCC_PREPROCESSOR_DEFINITIONS = (
					"DEBUG=1",
					"$(inherited)",
				);
				INFOPLIST_FILE = GlitchyTableTests/Info.plist;
				LD_RUNPATH_SEARCH_PATHS = "$(inherited) @executable_path/Frameworks @loader_path/Frameworks";
				PRODUCT_NAME = "$(TARGET_NAME)";
				TEST_HOST = "$(BUILT_PRODUCTS_DIR)/GlitchyTable.app/GlitchyTable";
			};
			name = Debug;
		};
		5B7F865D1B97C01900546B6F /* Release */ = {
			isa = XCBuildConfiguration;
			buildSettings = {
				BUNDLE_LOADER = "$(TEST_HOST)";
				FRAMEWORK_SEARCH_PATHS = (
					"$(SDKROOT)/Developer/Library/Frameworks",
					"$(inherited)",
				);
				INFOPLIST_FILE = GlitchyTableTests/Info.plist;
				LD_RUNPATH_SEARCH_PATHS = "$(inherited) @executable_path/Frameworks @loader_path/Frameworks";
				PRODUCT_NAME = "$(TARGET_NAME)";
				TEST_HOST = "$(BUILT_PRODUCTS_DIR)/GlitchyTable.app/GlitchyTable";
			};
			name = Release;
		};
/* End XCBuildConfiguration section */

/* Begin XCConfigurationList section */
		5B7F86341B97C01900546B6F /* Build configuration list for PBXProject "GlitchyTable" */ = {
			isa = XCConfigurationList;
			buildConfigurations = (
				5B7F86561B97C01900546B6F /* Debug */,
				5B7F86571B97C01900546B6F /* Release */,
			);
			defaultConfigurationIsVisible = 0;
			defaultConfigurationName = Release;
		};
		5B7F86581B97C01900546B6F /* Build configuration list for PBXNativeTarget "GlitchyTable" */ = {
			isa = XCConfigurationList;
			buildConfigurations = (
				5B7F86591B97C01900546B6F /* Debug */,
				5B7F865A1B97C01900546B6F /* Release */,
			);
			defaultConfigurationIsVisible = 0;
			defaultConfigurationName = Release;
		};
		5B7F865B1B97C01900546B6F /* Build configuration list for PBXNativeTarget "GlitchyTableTests" */ = {
			isa = XCConfigurationList;
			buildConfigurations = (
				5B7F865C1B97C01900546B6F /* Debug */,
				5B7F865D1B97C01900546B6F /* Release */,
			);
			defaultConfigurationIsVisible = 0;
			defaultConfigurationName = Release;
		};
/* End XCConfigurationList section */
	};
	rootObject = 5B7F86311B97C01900546B6F /* Project object */;
}
